
Microsoft Visual Studio Solution File, Format Version 12.00
# Visual Studio Version 16
VisualStudioVersion = 25.0.1706.4
MinimumVisualStudioVersion = 10.0.40219.1
Project("{FAE04EC0-301F-11D3-BF4B-00C04F79EFBC}") = "Dave E-commerce website", "Dave E-commerce website\Dave E-commerce website.csproj", "{3AF33641-61B6-4347-B071-74C3F7CDC0C7}"
EndProject
Global
	GlobalSection(SolutionConfigurationPlatforms) = preSolution
		Debug|Any CPU = Debug|Any CPU
		Release|Any CPU = Release|Any CPU
	EndGlobalSection
	GlobalSection(ProjectConfigurationPlatforms) = postSolution
		{3AF33641-61B6-4347-B071-74C3F7CDC0C7}.Debug|Any CPU.ActiveCfg = Debug|Any CPU
		{3AF33641-61B6-4347-B071-74C3F7CDC0C7}.Debug|Any CPU.Build.0 = Debug|Any CPU
		{3AF33641-61B6-4347-B071-74C3F7CDC0C7}.Release|Any CPU.ActiveCfg = Release|Any CPU
		{3AF33641-61B6-4347-B071-74C3F7CDC0C7}.Release|Any CPU.Build.0 = Release|Any CPU
	EndGlobalSection
	GlobalSection(SolutionProperties) = preSolution
		HideSolutionNode = FALSE
	EndGlobalSection
	GlobalSection(ExtensibilityGlobals) = postSolution
		SolutionGuid = {B92DC3F3-7CA7-4BD2-8F3D-869A5C42B867}
	EndGlobalSection
EndGlobal
